
Microsoft Visual Studio Solution File, Format Version 12.00
# Visual Studio Version 16
VisualStudioVersion = 16.0.31019.35
MinimumVisualStudioVersion = 10.0.40219.1
Project("{9A19103F-16F7-4668-BE54-9A1E7A4F7556}") = "DataAccess", "DataAccess\DataAccess.csproj", "{2476D1B7-8CBF-4E9C-B7AC-E4BF61068835}"
EndProject
Project("{9A19103F-16F7-4668-BE54-9A1E7A4F7556}") = "Business", "Business\Business.csproj", "{D6660EC3-E386-4A93-8CDB-9B52E70301CB}"
EndProject
Project("{9A19103F-16F7-4668-BE54-9A1E7A4F7556}") = "ConsoleUI", "ConsoleUI\ConsoleUI.csproj", "{BCC5895D-F796-49AC-B092-345A200FDC31}"
EndProject
Project("{9A19103F-16F7-4668-BE54-9A1E7A4F7556}") = "Entities", "Entities\Entities.csproj", "{99C89553-7795-488C-9FEF-37AD7320A500}"
EndProject
Project("{FAE04EC0-301F-11D3-BF4B-00C04F79EFBC}") = "Core", "Core\Core.csproj", "{2DFB8C25-3EEE-4E5F-A5AE-23BA82F1BF60}"
EndProject
Global
	GlobalSection(SolutionConfigurationPlatforms) = preSolution
		Debug|Any CPU = Debug|Any CPU
		Release|Any CPU = Release|Any CPU
	EndGlobalSection
	GlobalSection(ProjectConfigurationPlatforms) = postSolution
		{2476D1B7-8CBF-4E9C-B7AC-E4BF61068835}.Debug|Any CPU.ActiveCfg = Debug|Any CPU
		{2476D1B7-8CBF-4E9C-B7AC-E4BF61068835}.Debug|Any CPU.Build.0 = Debug|Any CPU
		{2476D1B7-8CBF-4E9C-B7AC-E4BF61068835}.Release|Any CPU.ActiveCfg = Release|Any CPU
		{2476D1B7-8CBF-4E9C-B7AC-E4BF61068835}.Release|Any CPU.Build.0 = Release|Any CPU
		{D6660EC3-E386-4A93-8CDB-9B52E70301CB}.Debug|Any CPU.ActiveCfg = Debug|Any CPU
		{D6660EC3-E386-4A93-8CDB-9B52E70301CB}.Debug|Any CPU.Build.0 = Debug|Any CPU
		{D6660EC3-E386-4A93-8CDB-9B52E70301CB}.Release|Any CPU.ActiveCfg = Release|Any CPU
		{D6660EC3-E386-4A93-8CDB-9B52E70301CB}.Release|Any CPU.Build.0 = Release|Any CPU
		{BCC5895D-F796-49AC-B092-345A200FDC31}.Debug|Any CPU.ActiveCfg = Debug|Any CPU
		{BCC5895D-F796-49AC-B092-345A200FDC31}.Debug|Any CPU.Build.0 = Debug|Any CPU
		{BCC5895D-F796-49AC-B092-345A200FDC31}.Release|Any CPU.ActiveCfg = Release|Any CPU
		{BCC5895D-F796-49AC-B092-345A200FDC31}.Release|Any CPU.Build.0 = Release|Any CPU
		{99C89553-7795-488C-9FEF-37AD7320A500}.Debug|Any CPU.ActiveCfg = Debug|Any CPU
		{99C89553-7795-488C-9FEF-37AD7320A500}.Debug|Any CPU.Build.0 = Debug|Any CPU
		{99C89553-7795-488C-9FEF-37AD7320A500}.Release|Any CPU.ActiveCfg = Release|Any CPU
		{99C89553-7795-488C-9FEF-37AD7320A500}.Release|Any CPU.Build.0 = Release|Any CPU
		{2DFB8C25-3EEE-4E5F-A5AE-23BA82F1BF60}.Debug|Any CPU.ActiveCfg = Debug|Any CPU
		{2DFB8C25-3EEE-4E5F-A5AE-23BA82F1BF60}.Debug|Any CPU.Build.0 = Debug|Any CPU
		{2DFB8C25-3EEE-4E5F-A5AE-23BA82F1BF60}.Release|Any CPU.ActiveCfg = Release|Any CPU
		{2DFB8C25-3EEE-4E5F-A5AE-23BA82F1BF60}.Release|Any CPU.Build.0 = Release|Any CPU
	EndGlobalSection
	GlobalSection(SolutionProperties) = preSolution
		HideSolutionNode = FALSE
	EndGlobalSection
	GlobalSection(ExtensibilityGlobals) = postSolution
		SolutionGuid = {AD3735FE-68E3-4595-904B-D71FD8CF7A4E}
	EndGlobalSection
EndGlobal
